// !$*UTF8*$!
{
	archiveVersion = 1;
	classes = {
	};
	objectVersion = 50;
	objects = {

/* Begin PBXBuildFile section */
		0FDD20EF231DE10D00053D31 /* AppDelegate.swift in Sources */ = {isa = PBXBuildFile; fileRef = 0FDD20EE231DE10D00053D31 /* AppDelegate.swift */; };
		0FDD20F1231DE10D00053D31 /* ViewController.swift in Sources */ = {isa = PBXBuildFile; fileRef = 0FDD20F0231DE10D00053D31 /* ViewController.swift */; };
		0FDD20F4231DE10D00053D31 /* Main.storyboard in Resources */ = {isa = PBXBuildFile; fileRef = 0FDD20F2231DE10D00053D31 /* Main.storyboard */; };
		0FDD20F6231DE10E00053D31 /* Assets.xcassets in Resources */ = {isa = PBXBuildFile; fileRef = 0FDD20F5231DE10E00053D31 /* Assets.xcassets */; };
		0FDD20F9231DE10E00053D31 /* LaunchScreen.storyboard in Resources */ = {isa = PBXBuildFile; fileRef = 0FDD20F7231DE10E00053D31 /* LaunchScreen.storyboard */; };
		0FDD2104231DE10E00053D31 /* LoginAppTests.swift in Sources */ = {isa = PBXBuildFile; fileRef = 0FDD2103231DE10E00053D31 /* LoginAppTests.swift */; };
		0FDD210F231DE10E00053D31 /* LoginAppUITests.swift in Sources */ = {isa = PBXBuildFile; fileRef = 0FDD210E231DE10E00053D31 /* LoginAppUITests.swift */; };
/* End PBXBuildFile section */

/* Begin PBXContainerItemProxy section */
		0FDD2100231DE10E00053D31 /* PBXContainerItemProxy */ = {
			isa = PBXContainerItemProxy;
			containerPortal = 0FDD20E3231DE10D00053D31 /* Project object */;
			proxyType = 1;
			remoteGlobalIDString = 0FDD20EA231DE10D00053D31;
			remoteInfo = LoginApp;
		};
		0FDD210B231DE10E00053D31 /* PBXContainerItemProxy */ = {
			isa = PBXContainerItemProxy;
			containerPortal = 0FDD20E3231DE10D00053D31 /* Project object */;
			proxyType = 1;
			remoteGlobalIDString = 0FDD20EA231DE10D00053D31;
			remoteInfo = LoginApp;
		};
/* End PBXContainerItemProxy section */

/* Begin PBXFileReference section */
		0FDD20EB231DE10D00053D31 /* LoginApp.app */ = {isa = PBXFileReference; explicitFileType = wrapper.application; includeInIndex = 0; path = LoginApp.app; sourceTree = BUILT_PRODUCTS_DIR; };
		0FDD20EE231DE10D00053D31 /* AppDelegate.swift */ = {isa = PBXFileReference; lastKnownFileType = sourcecode.swift; path = AppDelegate.swift; sourceTree = "<group>"; };
		0FDD20F0231DE10D00053D31 /* ViewController.swift */ = {isa = PBXFileReference; lastKnownFileType = sourcecode.swift; path = ViewController.swift; sourceTree = "<group>"; };
		0FDD20F3231DE10D00053D31 /* Base */ = {isa = PBXFileReference; lastKnownFileType = file.storyboard; name = Base; path = Base.lproj/Main.storyboard; sourceTree = "<group>"; };
		0FDD20F5231DE10E00053D31 /* Assets.xcassets */ = {isa = PBXFileReference; lastKnownFileType = folder.assetcatalog; path = Assets.xcassets; sourceTree = "<group>"; };
		0FDD20F8231DE10E00053D31 /* Base */ = {isa = PBXFileReference; lastKnownFileType = file.storyboard; name = Base; path = Base.lproj/LaunchScreen.storyboard; sourceTree = "<group>"; };
		0FDD20FA231DE10E00053D31 /* Info.plist */ = {isa = PBXFileReference; lastKnownFileType = text.plist.xml; path = Info.plist; sourceTree = "<group>"; };
		0FDD20FF231DE10E00053D31 /* LoginAppTests.xctest */ = {isa = PBXFileReference; explicitFileType = wrapper.cfbundle; includeInIndex = 0; path = LoginAppTests.xctest; sourceTree = BUILT_PRODUCTS_DIR; };
		0FDD2103231DE10E00053D31 /* LoginAppTests.swift */ = {isa = PBXFileReference; lastKnownFileType = sourcecode.swift; path = LoginAppTests.swift; sourceTree = "<group>"; };
		0FDD2105231DE10E00053D31 /* Info.plist */ = {isa = PBXFileReference; lastKnownFileType = text.plist.xml; path = Info.plist; sourceTree = "<group>"; };
		0FDD210A231DE10E00053D31 /* LoginAppUITests.xctest */ = {isa = PBXFileReference; explicitFileType = wrapper.cfbundle; includeInIndex = 0; path = LoginAppUITests.xctest; sourceTree = BUILT_PRODUCTS_DIR; };
		0FDD210E231DE10E00053D31 /* LoginAppUITests.swift */ = {isa = PBXFileReference; lastKnownFileType = sourcecode.swift; path = LoginAppUITests.swift; sourceTree = "<group>"; };
		0FDD2110231DE10E00053D31 /* Info.plist */ = {isa = PBXFileReference; lastKnownFileType = text.plist.xml; path = Info.plist; sourceTree = "<group>"; };
/* End PBXFileReference section */

/* Begin PBXFrameworksBuildPhase section */
		0FDD20E8231DE10D00053D31 /* Frameworks */ = {
			isa = PBXFrameworksBuildPhase;
			buildActionMask = 2147483647;
			files = (
			);
			runOnlyForDeploymentPostprocessing = 0;
		};
		0FDD20FC231DE10E00053D31 /* Frameworks */ = {
			isa = PBXFrameworksBuildPhase;
			buildActionMask = 2147483647;
			files = (
			);
			runOnlyForDeploymentPostprocessing = 0;
		};
		0FDD2107231DE10E00053D31 /* Frameworks */ = {
			isa = PBXFrameworksBuildPhase;
			buildActionMask = 2147483647;
			files = (
			);
			runOnlyForDeploymentPostprocessing = 0;
		};
/* End PBXFrameworksBuildPhase section */

/* Begin PBXGroup section */
		0FDD20E2231DE10D00053D31 = {
			isa = PBXGroup;
			children = (
				0FDD20ED231DE10D00053D31 /* LoginApp */,
				0FDD2102231DE10E00053D31 /* LoginAppTests */,
				0FDD210D231DE10E00053D31 /* LoginAppUITests */,
				0FDD20EC231DE10D00053D31 /* Products */,
			);
			sourceTree = "<group>";
		};
		0FDD20EC231DE10D00053D31 /* Products */ = {
			isa = PBXGroup;
			children = (
				0FDD20EB231DE10D00053D31 /* LoginApp.app */,
				0FDD20FF231DE10E00053D31 /* LoginAppTests.xctest */,
				0FDD210A231DE10E00053D31 /* LoginAppUITests.xctest */,
			);
			name = Products;
			sourceTree = "<group>";
		};
		0FDD20ED231DE10D00053D31 /* LoginApp */ = {
			isa = PBXGroup;
			children = (
				0FDD20EE231DE10D00053D31 /* AppDelegate.swift */,
				0FDD20F0231DE10D00053D31 /* ViewController.swift */,
				0FDD20F2231DE10D00053D31 /* Main.storyboard */,
				0FDD20F5231DE10E00053D31 /* Assets.xcassets */,
				0FDD20F7231DE10E00053D31 /* LaunchScreen.storyboard */,
				0FDD20FA231DE10E00053D31 /* Info.plist */,
			);
			path = LoginApp;
			sourceTree = "<group>";
		};
		0FDD2102231DE10E00053D31 /* LoginAppTests */ = {
			isa = PBXGroup;
			children = (
				0FDD2103231DE10E00053D31 /* LoginAppTests.swift */,
				0FDD2105231DE10E00053D31 /* Info.plist */,
			);
			path = LoginAppTests;
			sourceTree = "<group>";
		};
		0FDD210D231DE10E00053D31 /* LoginAppUITests */ = {
			isa = PBXGroup;
			children = (
				0FDD210E231DE10E00053D31 /* LoginAppUITests.swift */,
				0FDD2110231DE10E00053D31 /* Info.plist */,
			);
			path = LoginAppUITests;
			sourceTree = "<group>";
		};
/* End PBXGroup section */

/* Begin PBXNativeTarget section */
		0FDD20EA231DE10D00053D31 /* LoginApp */ = {
			isa = PBXNativeTarget;
			buildConfigurationList = 0FDD2113231DE10E00053D31 /* Build configuration list for PBXNativeTarget "LoginApp" */;
			buildPhases = (
				0FDD20E7231DE10D00053D31 /* Sources */,
				0FDD20E8231DE10D00053D31 /* Frameworks */,
				0FDD20E9231DE10D00053D31 /* Resources */,
			);
			buildRules = (
			);
			dependencies = (
			);
			name = LoginApp;
			productName = LoginApp;
			productReference = 0FDD20EB231DE10D00053D31 /* LoginApp.app */;
			productType = "com.apple.product-type.application";
		};
		0FDD20FE231DE10E00053D31 /* LoginAppTests */ = {
			isa = PBXNativeTarget;
			buildConfigurationList = 0FDD2116231DE10E00053D31 /* Build configuration list for PBXNativeTarget "LoginAppTests" */;
			buildPhases = (
				0FDD20FB231DE10E00053D31 /* Sources */,
				0FDD20FC231DE10E00053D31 /* Frameworks */,
				0FDD20FD231DE10E00053D31 /* Resources */,
			);
			buildRules = (
			);
			dependencies = (
				0FDD2101231DE10E00053D31 /* PBXTargetDependency */,
			);
			name = LoginAppTests;
			productName = LoginAppTests;
			productReference = 0FDD20FF231DE10E00053D31 /* LoginAppTests.xctest */;
			productType = "com.apple.product-type.bundle.unit-test";
		};
		0FDD2109231DE10E00053D31 /* LoginAppUITests */ = {
			isa = PBXNativeTarget;
			buildConfigurationList = 0FDD2119231DE10E00053D31 /* Build configuration list for PBXNativeTarget "LoginAppUITests" */;
			buildPhases = (
				0FDD2106231DE10E00053D31 /* Sources */,
				0FDD2107231DE10E00053D31 /* Frameworks */,
				0FDD2108231DE10E00053D31 /* Resources */,
			);
			buildRules = (
			);
			dependencies = (
				0FDD210C231DE10E00053D31 /* PBXTargetDependency */,
			);
			name = LoginAppUITests;
			productName = LoginAppUITests;
			productReference = 0FDD210A231DE10E00053D31 /* LoginAppUITests.xctest */;
			productType = "com.apple.product-type.bundle.ui-testing";
		};
/* End PBXNativeTarget section */

/* Begin PBXProject section */
		0FDD20E3231DE10D00053D31 /* Project object */ = {
			isa = PBXProject;
			attributes = {
				LastSwiftUpdateCheck = 1030;
				LastUpgradeCheck = 1030;
				ORGANIZATIONNAME = "Luan Lopes da Silva";
				TargetAttributes = {
					0FDD20EA231DE10D00053D31 = {
						CreatedOnToolsVersion = 10.3;
					};
					0FDD20FE231DE10E00053D31 = {
						CreatedOnToolsVersion = 10.3;
						TestTargetID = 0FDD20EA231DE10D00053D31;
					};
					0FDD2109231DE10E00053D31 = {
						CreatedOnToolsVersion = 10.3;
						TestTargetID = 0FDD20EA231DE10D00053D31;
					};
				};
			};
			buildConfigurationList = 0FDD20E6231DE10D00053D31 /* Build configuration list for PBXProject "LoginApp" */;
			compatibilityVersion = "Xcode 9.3";
			developmentRegion = en;
			hasScannedForEncodings = 0;
			knownRegions = (
				en,
				Base,
			);
			mainGroup = 0FDD20E2231DE10D00053D31;
			productRefGroup = 0FDD20EC231DE10D00053D31 /* Products */;
			projectDirPath = "";
			projectRoot = "";
			targets = (
				0FDD20EA231DE10D00053D31 /* LoginApp */,
				0FDD20FE231DE10E00053D31 /* LoginAppTests */,
				0FDD2109231DE10E00053D31 /* LoginAppUITests */,
			);
		};
/* End PBXProject section */

/* Begin PBXResourcesBuildPhase section */
		0FDD20E9231DE10D00053D31 /* Resources */ = {
			isa = PBXResourcesBuildPhase;
			buildActionMask = 2147483647;
			files = (
				0FDD20F9231DE10E00053D31 /* LaunchScreen.storyboard in Resources */,
				0FDD20F6231DE10E00053D31 /* Assets.xcassets in Resources */,
				0FDD20F4231DE10D00053D31 /* Main.storyboard in Resources */,
			);
			runOnlyForDeploymentPostprocessing = 0;
		};
		0FDD20FD231DE10E00053D31 /* Resources */ = {
			isa = PBXResourcesBuildPhase;
			buildActionMask = 2147483647;
			files = (
			);
			runOnlyForDeploymentPostprocessing = 0;
		};
		0FDD2108231DE10E00053D31 /* Resources */ = {
			isa = PBXResourcesBuildPhase;
			buildActionMask = 2147483647;
			files = (
			);
			runOnlyForDeploymentPostprocessing = 0;
		};
/* End PBXResourcesBuildPhase section */

/* Begin PBXSourcesBuildPhase section */
		0FDD20E7231DE10D00053D31 /* Sources */ = {
			isa = PBXSourcesBuildPhase;
			buildActionMask = 2147483647;
			files = (
				0FDD20F1231DE10D00053D31 /* ViewController.swift in Sources */,
				0FDD20EF231DE10D00053D31 /* AppDelegate.swift in Sources */,
			);
			runOnlyForDeploymentPostprocessing = 0;
		};
		0FDD20FB231DE10E00053D31 /* Sources */ = {
			isa = PBXSourcesBuildPhase;
			buildActionMask = 2147483647;
			files = (
				0FDD2104231DE10E00053D31 /* LoginAppTests.swift in Sources */,
			);
			runOnlyForDeploymentPostprocessing = 0;
		};
		0FDD2106231DE10E00053D31 /* Sources */ = {
			isa = PBXSourcesBuildPhase;
			buildActionMask = 2147483647;
			files = (
				0FDD210F231DE10E00053D31 /* LoginAppUITests.swift in Sources */,
			);
			runOnlyForDeploymentPostprocessing = 0;
		};
/* End PBXSourcesBuildPhase section */

/* Begin PBXTargetDependency section */
		0FDD2101231DE10E00053D31 /* PBXTargetDependency */ = {
			isa = PBXTargetDependency;
			target = 0FDD20EA231DE10D00053D31 /* LoginApp */;
			targetProxy = 0FDD2100231DE10E00053D31 /* PBXContainerItemProxy */;
		};
		0FDD210C231DE10E00053D31 /* PBXTargetDependency */ = {
			isa = PBXTargetDependency;
			target = 0FDD20EA231DE10D00053D31 /* LoginApp */;
			targetProxy = 0FDD210B231DE10E00053D31 /* PBXContainerItemProxy */;
		};
/* End PBXTargetDependency section */

/* Begin PBXVariantGroup section */
		0FDD20F2231DE10D00053D31 /* Main.storyboard */ = {
			isa = PBXVariantGroup;
			children = (
				0FDD20F3231DE10D00053D31 /* Base */,
			);
			name = Main.storyboard;
			sourceTree = "<group>";
		};
		0FDD20F7231DE10E00053D31 /* LaunchScreen.storyboard */ = {
			isa = PBXVariantGroup;
			children = (
				0FDD20F8231DE10E00053D31 /* Base */,
			);
			name = LaunchScreen.storyboard;
			sourceTree = "<group>";
		};
/* End PBXVariantGroup section */

/* Begin XCBuildConfiguration section */
		0FDD2111231DE10E00053D31 /* Debug */ = {
			isa = XCBuildConfiguration;
			buildSettings = {
				ALWAYS_SEARCH_USER_PATHS = NO;
				CLANG_ANALYZER_NONNULL = YES;
				CLANG_ANALYZER_NUMBER_OBJECT_CONVERSION = YES_AGGRESSIVE;
				CLANG_CXX_LANGUAGE_STANDARD = "gnu++14";
				CLANG_CXX_LIBRARY = "libc++";
				CLANG_ENABLE_MODULES = YES;
				CLANG_ENABLE_OBJC_ARC = YES;
				CLANG_ENABLE_OBJC_WEAK = YES;
				CLANG_WARN_BLOCK_CAPTURE_AUTORELEASING = YES;
				CLANG_WARN_BOOL_CONVERSION = YES;
				CLANG_WARN_COMMA = YES;
				CLANG_WARN_CONSTANT_CONVERSION = YES;
				CLANG_WARN_DEPRECATED_OBJC_IMPLEMENTATIONS = YES;
				CLANG_WARN_DIRECT_OBJC_ISA_USAGE = YES_ERROR;
				CLANG_WARN_DOCUMENTATION_COMMENTS = YES;
				CLANG_WARN_EMPTY_BODY = YES;
				CLANG_WARN_ENUM_CONVERSION = YES;
				CLANG_WARN_INFINITE_RECURSION = YES;
				CLANG_WARN_INT_CONVERSION = YES;
				CLANG_WARN_NON_LITERAL_NULL_CONVERSION = YES;
				CLANG_WARN_OBJC_IMPLICIT_RETAIN_SELF = YES;
				CLANG_WARN_OBJC_LITERAL_CONVERSION = YES;
				CLANG_WARN_OBJC_ROOT_CLASS = YES_ERROR;
				CLANG_WARN_RANGE_LOOP_ANALYSIS = YES;
				CLANG_WARN_STRICT_PROTOTYPES = YES;
				CLANG_WARN_SUSPICIOUS_MOVE = YES;
				CLANG_WARN_UNGUARDED_AVAILABILITY = YES_AGGRESSIVE;
				CLANG_WARN_UNREACHABLE_CODE = YES;
				CLANG_WARN__DUPLICATE_METHOD_MATCH = YES;
				CODE_SIGN_IDENTITY = "iPhone Developer";
				COPY_PHASE_STRIP = NO;
				DEBUG_INFORMATION_FORMAT = dwarf;
				ENABLE_STRICT_OBJC_MSGSEND = YES;
				ENABLE_TESTABILITY = YES;
				GCC_C_LANGUAGE_STANDARD = gnu11;
				GCC_DYNAMIC_NO_PIC = NO;
				GCC_NO_COMMON_BLOCKS = YES;
				GCC_OPTIMIZATION_LEVEL = 0;
				GCC_PREPROCESSOR_DEFINITIONS = (
					"DEBUG=1",
					"$(inherited)",
				);
				GCC_WARN_64_TO_32_BIT_CONVERSION = YES;
				GCC_WARN_ABOUT_RETURN_TYPE = YES_ERROR;
				GCC_WARN_UNDECLARED_SELECTOR = YES;
				GCC_WARN_UNINITIALIZED_AUTOS = YES_AGGRESSIVE;
				GCC_WARN_UNUSED_FUNCTION = YES;
				GCC_WARN_UNUSED_VARIABLE = YES;
				IPHONEOS_DEPLOYMENT_TARGET = 12.4;
				MTL_ENABLE_DEBUG_INFO = INCLUDE_SOURCE;
				MTL_FAST_MATH = YES;
				ONLY_ACTIVE_ARCH = YES;
				SDKROOT = iphoneos;
				SWIFT_ACTIVE_COMPILATION_CONDITIONS = DEBUG;
				SWIFT_OPTIMIZATION_LEVEL = "-Onone";
			};
			name = Debug;
		};
		0FDD2112231DE10E00053D31 /* Release */ = {
			isa = XCBuildConfiguration;
			buildSettings = {
				ALWAYS_SEARCH_USER_PATHS = NO;
				CLANG_ANALYZER_NONNULL = YES;
				CLANG_ANALYZER_NUMBER_OBJECT_CONVERSION = YES_AGGRESSIVE;
				CLANG_CXX_LANGUAGE_STANDARD = "gnu++14";
				CLANG_CXX_LIBRARY = "libc++";
				CLANG_ENABLE_MODULES = YES;
				CLANG_ENABLE_OBJC_ARC = YES;
				CLANG_ENABLE_OBJC_WEAK = YES;
				CLANG_WARN_BLOCK_CAPTURE_AUTORELEASING = YES;
				CLANG_WARN_BOOL_CONVERSION = YES;
				CLANG_WARN_COMMA = YES;
				CLANG_WARN_CONSTANT_CONVERSION = YES;
				CLANG_WARN_DEPRECATED_OBJC_IMPLEMENTATIONS = YES;
				CLANG_WARN_DIRECT_OBJC_ISA_USAGE = YES_ERROR;
				CLANG_WARN_DOCUMENTATION_COMMENTS = YES;
				CLANG_WARN_EMPTY_BODY = YES;
				CLANG_WARN_ENUM_CONVERSION = YES;
				CLANG_WARN_INFINITE_RECURSION = YES;
				CLANG_WARN_INT_CONVERSION = YES;
				CLANG_WARN_NON_LITERAL_NULL_CONVERSION = YES;
				CLANG_WARN_OBJC_IMPLICIT_RETAIN_SELF = YES;
				CLANG_WARN_OBJC_LITERAL_CONVERSION = YES;
				CLANG_WARN_OBJC_ROOT_CLASS = YES_ERROR;
				CLANG_WARN_RANGE_LOOP_ANALYSIS = YES;
				CLANG_WARN_STRICT_PROTOTYPES = YES;
				CLANG_WARN_SUSPICIOUS_MOVE = YES;
				CLANG_WARN_UNGUARDED_AVAILABILITY = YES_AGGRESSIVE;
				CLANG_WARN_UNREACHABLE_CODE = YES;
				CLANG_WARN__DUPLICATE_METHOD_MATCH = YES;
				CODE_SIGN_IDENTITY = "iPhone Developer";
				COPY_PHASE_STRIP = NO;
				DEBUG_INFORMATION_FORMAT = "dwarf-with-dsym";
				ENABLE_NS_ASSERTIONS = NO;
				ENABLE_STRICT_OBJC_MSGSEND = YES;
				GCC_C_LANGUAGE_STANDARD = gnu11;
				GCC_NO_COMMON_BLOCKS = YES;
				GCC_WARN_64_TO_32_BIT_CONVERSION = YES;
				GCC_WARN_ABOUT_RETURN_TYPE = YES_ERROR;
				GCC_WARN_UNDECLARED_SELECTOR = YES;
				GCC_WARN_UNINITIALIZED_AUTOS = YES_AGGRESSIVE;
				GCC_WARN_UNUSED_FUNCTION = YES;
				GCC_WARN_UNUSED_VARIABLE = YES;
				IPHONEOS_DEPLOYMENT_TARGET = 12.4;
				MTL_ENABLE_DEBUG_INFO = NO;
				MTL_FAST_MATH = YES;
				SDKROOT = iphoneos;
				SWIFT_COMPILATION_MODE = wholemodule;
				SWIFT_OPTIMIZATION_LEVEL = "-O";
				VALIDATE_PRODUCT = YES;
			};
			name = Release;
		};
		0FDD2114231DE10E00053D31 /* Debug */ = {
			isa = XCBuildConfiguration;
			buildSettings = {
				ASSETCATALOG_COMPILER_APPICON_NAME = AppIcon;
				CODE_SIGN_STYLE = Automatic;
				INFOPLIST_FILE = LoginApp/Info.plist;
				LD_RUNPATH_SEARCH_PATHS = (
					"$(inherited)",
					"@executable_path/Frameworks",
				);
				PRODUCT_BUNDLE_IDENTIFIER = com.luan.LoginApp;
				PRODUCT_NAME = "$(TARGET_NAME)";
				SWIFT_VERSION = 5.0;
				TARGETED_DEVICE_FAMILY = "1,2";
			};
			name = Debug;
		};
		0FDD2115231DE10E00053D31 /* Release */ = {
			isa = XCBuildConfiguration;
			buildSettings = {
				ASSETCATALOG_COMPILER_APPICON_NAME = AppIcon;
				CODE_SIGN_STYLE = Automatic;
				INFOPLIST_FILE = LoginApp/Info.plist;
				LD_RUNPATH_SEARCH_PATHS = (
					"$(inherited)",
					"@executable_path/Frameworks",
				);
				PRODUCT_BUNDLE_IDENTIFIER = com.luan.LoginApp;
				PRODUCT_NAME = "$(TARGET_NAME)";
				SWIFT_VERSION = 5.0;
				TARGETED_DEVICE_FAMILY = "1,2";
			};
			name = Release;
		};
		0FDD2117231DE10E00053D31 /* Debug */ = {
			isa = XCBuildConfiguration;
			buildSettings = {
				ALWAYS_EMBED_SWIFT_STANDARD_LIBRARIES = YES;
				BUNDLE_LOADER = "$(TEST_HOST)";
				CODE_SIGN_STYLE = Automatic;
				INFOPLIST_FILE = LoginAppTests/Info.plist;
				LD_RUNPATH_SEARCH_PATHS = (
					"$(inherited)",
					"@executable_path/Frameworks",
					"@loader_path/Frameworks",
				);
				PRODUCT_BUNDLE_IDENTIFIER = com.luan.LoginAppTests;
				PRODUCT_NAME = "$(TARGET_NAME)";
				SWIFT_VERSION = 5.0;
				TARGETED_DEVICE_FAMILY = "1,2";
				TEST_HOST = "$(BUILT_PRODUCTS_DIR)/LoginApp.app/LoginApp";
			};
			name = Debug;
		};
		0FDD2118231DE10E00053D31 /* Release */ = {
			isa = XCBuildConfiguration;
			buildSettings = {
				ALWAYS_EMBED_SWIFT_STANDARD_LIBRARIES = YES;
				BUNDLE_LOADER = "$(TEST_HOST)";
				CODE_SIGN_STYLE = Automatic;
				INFOPLIST_FILE = LoginAppTests/Info.plist;
				LD_RUNPATH_SEARCH_PATHS = (
					"$(inherited)",
					"@executable_path/Frameworks",
					"@loader_path/Frameworks",
				);
				PRODUCT_BUNDLE_IDENTIFIER = com.luan.LoginAppTests;
				PRODUCT_NAME = "$(TARGET_NAME)";
				SWIFT_VERSION = 5.0;
				TARGETED_DEVICE_FAMILY = "1,2";
				TEST_HOST = "$(BUILT_PRODUCTS_DIR)/LoginApp.app/LoginApp";
			};
			name = Release;
		};
		0FDD211A231DE10E00053D31 /* Debug */ = {
			isa = XCBuildConfiguration;
			buildSettings = {
				ALWAYS_EMBED_SWIFT_STANDARD_LIBRARIES = YES;
				CODE_SIGN_STYLE = Automatic;
				INFOPLIST_FILE = LoginAppUITests/Info.plist;
				LD_RUNPATH_SEARCH_PATHS = (
					"$(inherited)",
					"@executable_path/Frameworks",
					"@loader_path/Frameworks",
				);
				PRODUCT_BUNDLE_IDENTIFIER = com.luan.LoginAppUITests;
				PRODUCT_NAME = "$(TARGET_NAME)";
				SWIFT_VERSION = 5.0;
				TARGETED_DEVICE_FAMILY = "1,2";
				TEST_TARGET_NAME = LoginApp;
			};
			name = Debug;
		};
		0FDD211B231DE10E00053D31 /* Release */ = {
			isa = XCBuildConfiguration;
			buildSettings = {
				ALWAYS_EMBED_SWIFT_STANDARD_LIBRARIES = YES;
				CODE_SIGN_STYLE = Automatic;
				INFOPLIST_FILE = LoginAppUITests/Info.plist;
				LD_RUNPATH_SEARCH_PATHS = (
					"$(inherited)",
					"@executable_path/Frameworks",
					"@loader_path/Frameworks",
				);
				PRODUCT_BUNDLE_IDENTIFIER = com.luan.LoginAppUITests;
				PRODUCT_NAME = "$(TARGET_NAME)";
				SWIFT_VERSION = 5.0;
				TARGETED_DEVICE_FAMILY = "1,2";
				TEST_TARGET_NAME = LoginApp;
			};
			name = Release;
		};
/* End XCBuildConfiguration section */

/* Begin XCConfigurationList section */
		0FDD20E6231DE10D00053D31 /* Build configuration list for PBXProject "LoginApp" */ = {
			isa = XCConfigurationList;
			buildConfigurations = (
				0FDD2111231DE10E00053D31 /* Debug */,
				0FDD2112231DE10E00053D31 /* Release */,
			);
			defaultConfigurationIsVisible = 0;
			defaultConfigurationName = Release;
		};
		0FDD2113231DE10E00053D31 /* Build configuration list for PBXNativeTarget "LoginApp" */ = {
			isa = XCConfigurationList;
			buildConfigurations = (
				0FDD2114231DE10E00053D31 /* Debug */,
				0FDD2115231DE10E00053D31 /* Release */,
			);
			defaultConfigurationIsVisible = 0;
			defaultConfigurationName = Release;
		};
		0FDD2116231DE10E00053D31 /* Build configuration list for PBXNativeTarget "LoginAppTests" */ = {
			isa = XCConfigurationList;
			buildConfigurations = (
				0FDD2117231DE10E00053D31 /* Debug */,
				0FDD2118231DE10E00053D31 /* Release */,
			);
			defaultConfigurationIsVisible = 0;
			defaultConfigurationName = Release;
		};
		0FDD2119231DE10E00053D31 /* Build configuration list for PBXNativeTarget "LoginAppUITests" */ = {
			isa = XCConfigurationList;
			buildConfigurations = (
				0FDD211A231DE10E00053D31 /* Debug */,
				0FDD211B231DE10E00053D31 /* Release */,
			);
			defaultConfigurationIsVisible = 0;
			defaultConfigurationName = Release;
		};
/* End XCConfigurationList section */
	};
	rootObject = 0FDD20E3231DE10D00053D31 /* Project object */;
}
